
Microsoft Visual Studio Solution File, Format Version 12.00
# Visual Studio Version 17
VisualStudioVersion = 17.11.35219.272
MinimumVisualStudioVersion = 10.0.40219.1
Project("{FAE04EC0-301F-11D3-BF4B-00C04F79EFBC}") = "PetStore", "PetStore.csproj", "{83939D95-13BD-44AA-9483-68A751902C7C}"
EndProject
Global
	GlobalSection(SolutionConfigurationPlatforms) = preSolution
		Debug|Any CPU = Debug|Any CPU
		Release|Any CPU = Release|Any CPU
	EndGlobalSection
	GlobalSection(ProjectConfigurationPlatforms) = postSolution
		{83939D95-13BD-44AA-9483-68A751902C7C}.Debug|Any CPU.ActiveCfg = Debug|Any CPU
		{83939D95-13BD-44AA-9483-68A751902C7C}.Debug|Any CPU.Build.0 = Debug|Any CPU
		{83939D95-13BD-44AA-9483-68A751902C7C}.Release|Any CPU.ActiveCfg = Release|Any CPU
		{83939D95-13BD-44AA-9483-68A751902C7C}.Release|Any CPU.Build.0 = Release|Any CPU
	EndGlobalSection
	GlobalSection(SolutionProperties) = preSolution
		HideSolutionNode = FALSE
	EndGlobalSection
	GlobalSection(ExtensibilityGlobals) = postSolution
		SolutionGuid = {53ECF83E-775C-4ED1-A535-AD770623B846}
	EndGlobalSection
EndGlobal
